// !$*UTF8*$!
{
	archiveVersion = 1;
	classes = {
	};
	objectVersion = 46;
	objects = {

/* Begin PBXBuildFile section */
		28DC3C0018414E1700D93D76 /* Foundation.framework in Frameworks */ = {isa = PBXBuildFile; fileRef = 28DC3BFF18414E1700D93D76 /* Foundation.framework */; };
		28DC3C0218414E1700D93D76 /* CoreGraphics.framework in Frameworks */ = {isa = PBXBuildFile; fileRef = 28DC3C0118414E1700D93D76 /* CoreGraphics.framework */; };
		28DC3C0418414E1700D93D76 /* UIKit.framework in Frameworks */ = {isa = PBXBuildFile; fileRef = 28DC3C0318414E1700D93D76 /* UIKit.framework */; };
		28DC3C0A18414E1700D93D76 /* InfoPlist.strings in Resources */ = {isa = PBXBuildFile; fileRef = 28DC3C0818414E1700D93D76 /* InfoPlist.strings */; };
		28DC3C0C18414E1700D93D76 /* main.m in Sources */ = {isa = PBXBuildFile; fileRef = 28DC3C0B18414E1700D93D76 /* main.m */; };
		28DC3C1018414E1800D93D76 /* AppDelegate.m in Sources */ = {isa = PBXBuildFile; fileRef = 28DC3C0F18414E1800D93D76 /* AppDelegate.m */; };
		28DC3C1218414E1800D93D76 /* Images.xcassets in Resources */ = {isa = PBXBuildFile; fileRef = 28DC3C1118414E1800D93D76 /* Images.xcassets */; };
		28DC3C3018414E2900D93D76 /* BugButton.m in Sources */ = {isa = PBXBuildFile; fileRef = 28DC3C2F18414E2900D93D76 /* BugButton.m */; };
		28DC3C3518414E2E00D93D76 /* Bug.png in Resources */ = {isa = PBXBuildFile; fileRef = 28DC3C3118414E2E00D93D76 /* Bug.png */; };
		28DC3C3618414E2E00D93D76 /* Bug@2x.png in Resources */ = {isa = PBXBuildFile; fileRef = 28DC3C3218414E2E00D93D76 /* Bug@2x.png */; };
		28DC3C3718414E2E00D93D76 /* BugSelected.png in Resources */ = {isa = PBXBuildFile; fileRef = 28DC3C3318414E2E00D93D76 /* BugSelected.png */; };
		28DC3C3818414E2E00D93D76 /* BugSelected@2x.png in Resources */ = {isa = PBXBuildFile; fileRef = 28DC3C3418414E2E00D93D76 /* BugSelected@2x.png */; };
		28DC3C3B18414E9000D93D76 /* MessageUI.framework in Frameworks */ = {isa = PBXBuildFile; fileRef = 28DC3C3918414E5300D93D76 /* MessageUI.framework */; };
		28DC3C4318414FCF00D93D76 /* ViewController.m in Sources */ = {isa = PBXBuildFile; fileRef = 28DC3C4118414FCF00D93D76 /* ViewController.m */; };
		28DC3C4418414FCF00D93D76 /* ViewController.xib in Resources */ = {isa = PBXBuildFile; fileRef = 28DC3C4218414FCF00D93D76 /* ViewController.xib */; };
/* End PBXBuildFile section */

/* Begin PBXFileReference section */
		28DC3BFC18414E1700D93D76 /* BugButtonExample.app */ = {isa = PBXFileReference; explicitFileType = wrapper.application; includeInIndex = 0; path = BugButtonExample.app; sourceTree = BUILT_PRODUCTS_DIR; };
		28DC3BFF18414E1700D93D76 /* Foundation.framework */ = {isa = PBXFileReference; lastKnownFileType = wrapper.framework; name = Foundation.framework; path = System/Library/Frameworks/Foundation.framework; sourceTree = SDKROOT; };
		28DC3C0118414E1700D93D76 /* CoreGraphics.framework */ = {isa = PBXFileReference; lastKnownFileType = wrapper.framework; name = CoreGraphics.framework; path = System/Library/Frameworks/CoreGraphics.framework; sourceTree = SDKROOT; };
		28DC3C0318414E1700D93D76 /* UIKit.framework */ = {isa = PBXFileReference; lastKnownFileType = wrapper.framework; name = UIKit.framework; path = System/Library/Frameworks/UIKit.framework; sourceTree = SDKROOT; };
		28DC3C0718414E1700D93D76 /* BugButtonExample-Info.plist */ = {isa = PBXFileReference; lastKnownFileType = text.plist.xml; path = "BugButtonExample-Info.plist"; sourceTree = "<group>"; };
		28DC3C0918414E1700D93D76 /* en */ = {isa = PBXFileReference; lastKnownFileType = text.plist.strings; name = en; path = en.lproj/InfoPlist.strings; sourceTree = "<group>"; };
		28DC3C0B18414E1700D93D76 /* main.m */ = {isa = PBXFileReference; lastKnownFileType = sourcecode.c.objc; path = main.m; sourceTree = "<group>"; };
		28DC3C0D18414E1700D93D76 /* BugButtonExample-Prefix.pch */ = {isa = PBXFileReference; lastKnownFileType = sourcecode.c.h; path = "BugButtonExample-Prefix.pch"; sourceTree = "<group>"; };
		28DC3C0E18414E1800D93D76 /* AppDelegate.h */ = {isa = PBXFileReference; lastKnownFileType = sourcecode.c.h; path = AppDelegate.h; sourceTree = "<group>"; };
		28DC3C0F18414E1800D93D76 /* AppDelegate.m */ = {isa = PBXFileReference; lastKnownFileType = sourcecode.c.objc; path = AppDelegate.m; sourceTree = "<group>"; };
		28DC3C1118414E1800D93D76 /* Images.xcassets */ = {isa = PBXFileReference; lastKnownFileType = folder.assetcatalog; path = Images.xcassets; sourceTree = "<group>"; };
		28DC3C1818414E1800D93D76 /* XCTest.framework */ = {isa = PBXFileReference; lastKnownFileType = wrapper.framework; name = XCTest.framework; path = Library/Frameworks/XCTest.framework; sourceTree = DEVELOPER_DIR; };
		28DC3C2E18414E2900D93D76 /* BugButton.h */ = {isa = PBXFileReference; fileEncoding = 4; lastKnownFileType = sourcecode.c.h; name = BugButton.h; path = ../../Classes/BugButton.h; sourceTree = "<group>"; };
		28DC3C2F18414E2900D93D76 /* BugButton.m */ = {isa = PBXFileReference; fileEncoding = 4; lastKnownFileType = sourcecode.c.objc; name = BugButton.m; path = ../../Classes/BugButton.m; sourceTree = "<group>"; };
		28DC3C3118414E2E00D93D76 /* Bug.png */ = {isa = PBXFileReference; lastKnownFileType = image.png; name = Bug.png; path = ../../Resources/Bug.png; sourceTree = "<group>"; };
		28DC3C3218414E2E00D93D76 /* Bug@2x.png */ = {isa = PBXFileReference; lastKnownFileType = image.png; name = "Bug@2x.png"; path = "../../Resources/Bug@2x.png"; sourceTree = "<group>"; };
		28DC3C3318414E2E00D93D76 /* BugSelected.png */ = {isa = PBXFileReference; lastKnownFileType = image.png; name = BugSelected.png; path = ../../Resources/BugSelected.png; sourceTree = "<group>"; };
		28DC3C3418414E2E00D93D76 /* BugSelected@2x.png */ = {isa = PBXFileReference; lastKnownFileType = image.png; name = "BugSelected@2x.png"; path = "../../Resources/BugSelected@2x.png"; sourceTree = "<group>"; };
		28DC3C3918414E5300D93D76 /* MessageUI.framework */ = {isa = PBXFileReference; lastKnownFileType = wrapper.framework; name = MessageUI.framework; path = System/Library/Frameworks/MessageUI.framework; sourceTree = SDKROOT; };
		28DC3C4018414FCF00D93D76 /* ViewController.h */ = {isa = PBXFileReference; fileEncoding = 4; lastKnownFileType = sourcecode.c.h; path = ViewController.h; sourceTree = "<group>"; };
		28DC3C4118414FCF00D93D76 /* ViewController.m */ = {isa = PBXFileReference; fileEncoding = 4; lastKnownFileType = sourcecode.c.objc; path = ViewController.m; sourceTree = "<group>"; };
		28DC3C4218414FCF00D93D76 /* ViewController.xib */ = {isa = PBXFileReference; fileEncoding = 4; lastKnownFileType = file.xib; path = ViewController.xib; sourceTree = "<group>"; };
/* End PBXFileReference section */

/* Begin PBXFrameworksBuildPhase section */
		28DC3BF918414E1700D93D76 /* Frameworks */ = {
			isa = PBXFrameworksBuildPhase;
			buildActionMask = 2147483647;
			files = (
				28DC3C3B18414E9000D93D76 /* MessageUI.framework in Frameworks */,
				28DC3C0218414E1700D93D76 /* CoreGraphics.framework in Frameworks */,
				28DC3C0418414E1700D93D76 /* UIKit.framework in Frameworks */,
				28DC3C0018414E1700D93D76 /* Foundation.framework in Frameworks */,
			);
			runOnlyForDeploymentPostprocessing = 0;
		};
/* End PBXFrameworksBuildPhase section */

/* Begin PBXGroup section */
		28DC3BF318414E1700D93D76 = {
			isa = PBXGroup;
			children = (
				28DC3C0518414E1700D93D76 /* BugButtonExample */,
				28DC3BFE18414E1700D93D76 /* Frameworks */,
				28DC3BFD18414E1700D93D76 /* Products */,
			);
			sourceTree = "<group>";
		};
		28DC3BFD18414E1700D93D76 /* Products */ = {
			isa = PBXGroup;
			children = (
				28DC3BFC18414E1700D93D76 /* BugButtonExample.app */,
			);
			name = Products;
			sourceTree = "<group>";
		};
		28DC3BFE18414E1700D93D76 /* Frameworks */ = {
			isa = PBXGroup;
			children = (
				28DC3C3918414E5300D93D76 /* MessageUI.framework */,
				28DC3BFF18414E1700D93D76 /* Foundation.framework */,
				28DC3C0118414E1700D93D76 /* CoreGraphics.framework */,
				28DC3C0318414E1700D93D76 /* UIKit.framework */,
				28DC3C1818414E1800D93D76 /* XCTest.framework */,
			);
			name = Frameworks;
			sourceTree = "<group>";
		};
		28DC3C0518414E1700D93D76 /* BugButtonExample */ = {
			isa = PBXGroup;
			children = (
				28DC3C3F18414F7500D93D76 /* BugButton */,
				28DC3C0E18414E1800D93D76 /* AppDelegate.h */,
				28DC3C0F18414E1800D93D76 /* AppDelegate.m */,
				28DC3C4018414FCF00D93D76 /* ViewController.h */,
				28DC3C4118414FCF00D93D76 /* ViewController.m */,
				28DC3C4218414FCF00D93D76 /* ViewController.xib */,
				28DC3C1118414E1800D93D76 /* Images.xcassets */,
				28DC3C0618414E1700D93D76 /* Supporting Files */,
			);
			path = BugButtonExample;
			sourceTree = "<group>";
		};
		28DC3C0618414E1700D93D76 /* Supporting Files */ = {
			isa = PBXGroup;
			children = (
				28DC3C0718414E1700D93D76 /* BugButtonExample-Info.plist */,
				28DC3C0818414E1700D93D76 /* InfoPlist.strings */,
				28DC3C0B18414E1700D93D76 /* main.m */,
				28DC3C0D18414E1700D93D76 /* BugButtonExample-Prefix.pch */,
			);
			name = "Supporting Files";
			sourceTree = "<group>";
		};
		28DC3C3F18414F7500D93D76 /* BugButton */ = {
			isa = PBXGroup;
			children = (
				28DC3C3118414E2E00D93D76 /* Bug.png */,
				28DC3C3218414E2E00D93D76 /* Bug@2x.png */,
				28DC3C3318414E2E00D93D76 /* BugSelected.png */,
				28DC3C3418414E2E00D93D76 /* BugSelected@2x.png */,
				28DC3C2E18414E2900D93D76 /* BugButton.h */,
				28DC3C2F18414E2900D93D76 /* BugButton.m */,
			);
			name = BugButton;
			sourceTree = "<group>";
		};
/* End PBXGroup section */

/* Begin PBXNativeTarget section */
		28DC3BFB18414E1700D93D76 /* BugButtonExample */ = {
			isa = PBXNativeTarget;
			buildConfigurationList = 28DC3C2818414E1800D93D76 /* Build configuration list for PBXNativeTarget "BugButtonExample" */;
			buildPhases = (
				28DC3BF818414E1700D93D76 /* Sources */,
				28DC3BF918414E1700D93D76 /* Frameworks */,
				28DC3BFA18414E1700D93D76 /* Resources */,
			);
			buildRules = (
			);
			dependencies = (
			);
			name = BugButtonExample;
			productName = BugButtonExample;
			productReference = 28DC3BFC18414E1700D93D76 /* BugButtonExample.app */;
			productType = "com.apple.product-type.application";
		};
/* End PBXNativeTarget section */

/* Begin PBXProject section */
		28DC3BF418414E1700D93D76 /* Project object */ = {
			isa = PBXProject;
			attributes = {
				LastUpgradeCheck = 0500;
				ORGANIZATIONNAME = MasonSilber;
			};
			buildConfigurationList = 28DC3BF718414E1700D93D76 /* Build configuration list for PBXProject "BugButtonExample" */;
			compatibilityVersion = "Xcode 3.2";
			developmentRegion = English;
			hasScannedForEncodings = 0;
			knownRegions = (
				en,
			);
			mainGroup = 28DC3BF318414E1700D93D76;
			productRefGroup = 28DC3BFD18414E1700D93D76 /* Products */;
			projectDirPath = "";
			projectRoot = "";
			targets = (
				28DC3BFB18414E1700D93D76 /* BugButtonExample */,
			);
		};
/* End PBXProject section */

/* Begin PBXResourcesBuildPhase section */
		28DC3BFA18414E1700D93D76 /* Resources */ = {
			isa = PBXResourcesBuildPhase;
			buildActionMask = 2147483647;
			files = (
				28DC3C4418414FCF00D93D76 /* ViewController.xib in Resources */,
				28DC3C3518414E2E00D93D76 /* Bug.png in Resources */,
				28DC3C3618414E2E00D93D76 /* Bug@2x.png in Resources */,
				28DC3C3818414E2E00D93D76 /* BugSelected@2x.png in Resources */,
				28DC3C0A18414E1700D93D76 /* InfoPlist.strings in Resources */,
				28DC3C3718414E2E00D93D76 /* BugSelected.png in Resources */,
				28DC3C1218414E1800D93D76 /* Images.xcassets in Resources */,
			);
			runOnlyForDeploymentPostprocessing = 0;
		};
/* End PBXResourcesBuildPhase section */

/* Begin PBXSourcesBuildPhase section */
		28DC3BF818414E1700D93D76 /* Sources */ = {
			isa = PBXSourcesBuildPhase;
			buildActionMask = 2147483647;
			files = (
				28DC3C1018414E1800D93D76 /* AppDelegate.m in Sources */,
				28DC3C3018414E2900D93D76 /* BugButton.m in Sources */,
				28DC3C4318414FCF00D93D76 /* ViewController.m in Sources */,
				28DC3C0C18414E1700D93D76 /* main.m in Sources */,
			);
			runOnlyForDeploymentPostprocessing = 0;
		};
/* End PBXSourcesBuildPhase section */

/* Begin PBXVariantGroup section */
		28DC3C0818414E1700D93D76 /* InfoPlist.strings */ = {
			isa = PBXVariantGroup;
			children = (
				28DC3C0918414E1700D93D76 /* en */,
			);
			name = InfoPlist.strings;
			sourceTree = "<group>";
		};
/* End PBXVariantGroup section */

/* Begin XCBuildConfiguration section */
		28DC3C2618414E1800D93D76 /* Debug */ = {
			isa = XCBuildConfiguration;
			buildSettings = {
				ALWAYS_SEARCH_USER_PATHS = NO;
				ARCHS = "$(ARCHS_STANDARD_INCLUDING_64_BIT)";
				CLANG_CXX_LANGUAGE_STANDARD = "gnu++0x";
				CLANG_CXX_LIBRARY = "libc++";
				CLANG_ENABLE_MODULES = YES;
				CLANG_ENABLE_OBJC_ARC = YES;
				CLANG_WARN_BOOL_CONVERSION = YES;
				CLANG_WARN_CONSTANT_CONVERSION = YES;
				CLANG_WARN_DIRECT_OBJC_ISA_USAGE = YES_ERROR;
				CLANG_WARN_EMPTY_BODY = YES;
				CLANG_WARN_ENUM_CONVERSION = YES;
				CLANG_WARN_INT_CONVERSION = YES;
				CLANG_WARN_OBJC_ROOT_CLASS = YES_ERROR;
				CLANG_WARN__DUPLICATE_METHOD_MATCH = YES;
				"CODE_SIGN_IDENTITY[sdk=iphoneos*]" = "iPhone Developer";
				COPY_PHASE_STRIP = NO;
				GCC_C_LANGUAGE_STANDARD = gnu99;
				GCC_DYNAMIC_NO_PIC = NO;
				GCC_OPTIMIZATION_LEVEL = 0;
				GCC_PREPROCESSOR_DEFINITIONS = (
					"DEBUG=1",
					"$(inherited)",
				);
				GCC_SYMBOLS_PRIVATE_EXTERN = NO;
				GCC_WARN_64_TO_32_BIT_CONVERSION = YES;
				GCC_WARN_ABOUT_RETURN_TYPE = YES_ERROR;
				GCC_WARN_UNDECLARED_SELECTOR = YES;
				GCC_WARN_UNINITIALIZED_AUTOS = YES;
				GCC_WARN_UNUSED_FUNCTION = YES;
				GCC_WARN_UNUSED_VARIABLE = YES;
				IPHONEOS_DEPLOYMENT_TARGET = 7.0;
				ONLY_ACTIVE_ARCH = YES;
				SDKROOT = iphoneos;
			};
			name = Debug;
		};
		28DC3C2718414E1800D93D76 /* Release */ = {
			isa = XCBuildConfiguration;
			buildSettings = {
				ALWAYS_SEARCH_USER_PATHS = NO;
				ARCHS = "$(ARCHS_STANDARD_INCLUDING_64_BIT)";
				CLANG_CXX_LANGUAGE_STANDARD = "gnu++0x";
				CLANG_CXX_LIBRARY = "libc++";
				CLANG_ENABLE_MODULES = YES;
				CLANG_ENABLE_OBJC_ARC = YES;
				CLANG_WARN_BOOL_CONVERSION = YES;
				CLANG_WARN_CONSTANT_CONVERSION = YES;
				CLANG_WARN_DIRECT_OBJC_ISA_USAGE = YES_ERROR;
				CLANG_WARN_EMPTY_BODY = YES;
				CLANG_WARN_ENUM_CONVERSION = YES;
				CLANG_WARN_INT_CONVERSION = YES;
				CLANG_WARN_OBJC_ROOT_CLASS = YES_ERROR;
				CLANG_WARN__DUPLICATE_METHOD_MATCH = YES;
				"CODE_SIGN_IDENTITY[sdk=iphoneos*]" = "iPhone Developer";
				COPY_PHASE_STRIP = YES;
				ENABLE_NS_ASSERTIONS = NO;
				GCC_C_LANGUAGE_STANDARD = gnu99;
				GCC_WARN_64_TO_32_BIT_CONVERSION = YES;
				GCC_WARN_ABOUT_RETURN_TYPE = YES_ERROR;
				GCC_WARN_UNDECLARED_SELECTOR = YES;
				GCC_WARN_UNINITIALIZED_AUTOS = YES;
				GCC_WARN_UNUSED_FUNCTION = YES;
				GCC_WARN_UNUSED_VARIABLE = YES;
				IPHONEOS_DEPLOYMENT_TARGET = 7.0;
				SDKROOT = iphoneos;
				VALIDATE_PRODUCT = YES;
			};
			name = Release;
		};
		28DC3C2918414E1800D93D76 /* Debug */ = {
			isa = XCBuildConfiguration;
			buildSettings = {
				ASSETCATALOG_COMPILER_APPICON_NAME = AppIcon;
				ASSETCATALOG_COMPILER_LAUNCHIMAGE_NAME = LaunchImage;
				GCC_PRECOMPILE_PREFIX_HEADER = YES;
				GCC_PREFIX_HEADER = "BugButtonExample/BugButtonExample-Prefix.pch";
				INFOPLIST_FILE = "BugButtonExample/BugButtonExample-Info.plist";
				PRODUCT_NAME = "$(TARGET_NAME)";
				WRAPPER_EXTENSION = app;
			};
			name = Debug;
		};
		28DC3C2A18414E1800D93D76 /* Release */ = {
			isa = XCBuildConfiguration;
			buildSettings = {
				ASSETCATALOG_COMPILER_APPICON_NAME = AppIcon;
				ASSETCATALOG_COMPILER_LAUNCHIMAGE_NAME = LaunchImage;
				GCC_PRECOMPILE_PREFIX_HEADER = YES;
				GCC_PREFIX_HEADER = "BugButtonExample/BugButtonExample-Prefix.pch";
				INFOPLIST_FILE = "BugButtonExample/BugButtonExample-Info.plist";
				PRODUCT_NAME = "$(TARGET_NAME)";
				WRAPPER_EXTENSION = app;
			};
			name = Release;
		};
/* End XCBuildConfiguration section */

/* Begin XCConfigurationList section */
		28DC3BF718414E1700D93D76 /* Build configuration list for PBXProject "BugButtonExample" */ = {
			isa = XCConfigurationList;
			buildConfigurations = (
				28DC3C2618414E1800D93D76 /* Debug */,
				28DC3C2718414E1800D93D76 /* Release */,
			);
			defaultConfigurationIsVisible = 0;
			defaultConfigurationName = Release;
		};
		28DC3C2818414E1800D93D76 /* Build configuration list for PBXNativeTarget "BugButtonExample" */ = {
			isa = XCConfigurationList;
			buildConfigurations = (
				28DC3C2918414E1800D93D76 /* Debug */,
				28DC3C2A18414E1800D93D76 /* Release */,
			);
			defaultConfigurationIsVisible = 0;
		};
/* End XCConfigurationList section */
	};
	rootObject = 28DC3BF418414E1700D93D76 /* Project object */;
}
